
Microsoft Visual Studio Solution File, Format Version 12.00
# Visual Studio Version 17
VisualStudioVersion = 17.8.34525.116
MinimumVisualStudioVersion = 10.0.40219.1
Project("{9A19103F-16F7-4668-BE54-9A1E7A4F7556}") = "LibreriaBack", "LibreriaBack\LibreriaBack.csproj", "{A44D7E12-AADA-4DBF-872A-78F8CF9F2B64}"
EndProject
Project("{FAE04EC0-301F-11D3-BF4B-00C04F79EFBC}") = "LibreriaFrontendWeb", "LibreriaFrontendWeb\LibreriaFrontendWeb.csproj", "{16B23A97-EEDE-4F2E-AF1D-73FAEE655B7C}"
EndProject
Global
	GlobalSection(SolutionConfigurationPlatforms) = preSolution
		Debug|Any CPU = Debug|Any CPU
		Debug|x64 = Debug|x64
		Release|Any CPU = Release|Any CPU
		Release|x64 = Release|x64
	EndGlobalSection
	GlobalSection(ProjectConfigurationPlatforms) = postSolution
		{A44D7E12-AADA-4DBF-872A-78F8CF9F2B64}.Debug|Any CPU.ActiveCfg = Debug|Any CPU
		{A44D7E12-AADA-4DBF-872A-78F8CF9F2B64}.Debug|Any CPU.Build.0 = Debug|Any CPU
		{A44D7E12-AADA-4DBF-872A-78F8CF9F2B64}.Debug|x64.ActiveCfg = Debug|x64
		{A44D7E12-AADA-4DBF-872A-78F8CF9F2B64}.Debug|x64.Build.0 = Debug|x64
		{A44D7E12-AADA-4DBF-872A-78F8CF9F2B64}.Release|Any CPU.ActiveCfg = Release|Any CPU
		{A44D7E12-AADA-4DBF-872A-78F8CF9F2B64}.Release|Any CPU.Build.0 = Release|Any CPU
		{A44D7E12-AADA-4DBF-872A-78F8CF9F2B64}.Release|x64.ActiveCfg = Release|x64
		{A44D7E12-AADA-4DBF-872A-78F8CF9F2B64}.Release|x64.Build.0 = Release|x64
		{16B23A97-EEDE-4F2E-AF1D-73FAEE655B7C}.Debug|Any CPU.ActiveCfg = Debug|Any CPU
		{16B23A97-EEDE-4F2E-AF1D-73FAEE655B7C}.Debug|Any CPU.Build.0 = Debug|Any CPU
		{16B23A97-EEDE-4F2E-AF1D-73FAEE655B7C}.Debug|x64.ActiveCfg = Debug|Any CPU
		{16B23A97-EEDE-4F2E-AF1D-73FAEE655B7C}.Debug|x64.Build.0 = Debug|Any CPU
		{16B23A97-EEDE-4F2E-AF1D-73FAEE655B7C}.Release|Any CPU.ActiveCfg = Release|Any CPU
		{16B23A97-EEDE-4F2E-AF1D-73FAEE655B7C}.Release|Any CPU.Build.0 = Release|Any CPU
		{16B23A97-EEDE-4F2E-AF1D-73FAEE655B7C}.Release|x64.ActiveCfg = Release|Any CPU
		{16B23A97-EEDE-4F2E-AF1D-73FAEE655B7C}.Release|x64.Build.0 = Release|Any CPU
	EndGlobalSection
	GlobalSection(SolutionProperties) = preSolution
		HideSolutionNode = FALSE
	EndGlobalSection
	GlobalSection(ExtensibilityGlobals) = postSolution
		SolutionGuid = {E3AF394E-07A1-4628-A0B6-FF32D3021A6B}
	EndGlobalSection
EndGlobal
